
Microsoft Visual Studio Solution File, Format Version 12.00
# Visual Studio Version 17
VisualStudioVersion = 17.11.35222.181
MinimumVisualStudioVersion = 10.0.40219.1
Project("{FAE04EC0-301F-11D3-BF4B-00C04F79EFBC}") = "Lab4", "Lab4.csproj", "{1BFCB9D9-6EF7-4BCF-B60D-AA1AA2906705}"
EndProject
Global
	GlobalSection(SolutionConfigurationPlatforms) = preSolution
		Debug|Any CPU = Debug|Any CPU
		Release|Any CPU = Release|Any CPU
	EndGlobalSection
	GlobalSection(ProjectConfigurationPlatforms) = postSolution
		{1BFCB9D9-6EF7-4BCF-B60D-AA1AA2906705}.Debug|Any CPU.ActiveCfg = Debug|Any CPU
		{1BFCB9D9-6EF7-4BCF-B60D-AA1AA2906705}.Debug|Any CPU.Build.0 = Debug|Any CPU
		{1BFCB9D9-6EF7-4BCF-B60D-AA1AA2906705}.Release|Any CPU.ActiveCfg = Release|Any CPU
		{1BFCB9D9-6EF7-4BCF-B60D-AA1AA2906705}.Release|Any CPU.Build.0 = Release|Any CPU
	EndGlobalSection
	GlobalSection(SolutionProperties) = preSolution
		HideSolutionNode = FALSE
	EndGlobalSection
	GlobalSection(ExtensibilityGlobals) = postSolution
		SolutionGuid = {4790E364-D18F-4C9F-8216-B1DB4603A361}
	EndGlobalSection
EndGlobal
